
Microsoft Visual Studio Solution File, Format Version 12.00
# Visual Studio Version 17
VisualStudioVersion = 17.1.32421.90
MinimumVisualStudioVersion = 10.0.40219.1
Project("{9A19103F-16F7-4668-BE54-9A1E7A4F7556}") = "WatchFunctions", "WatchFunctions\WatchFunctions.csproj", "{4610E492-26BE-4775-9D48-FB19F545EC28}"
EndProject
Project("{9A19103F-16F7-4668-BE54-9A1E7A4F7556}") = "WatchWpfClient", "WatchWpfClient\WatchWpfClient.csproj", "{4861B451-42B8-41AB-8365-B448B0E6D808}"
EndProject
Global
	GlobalSection(SolutionConfigurationPlatforms) = preSolution
		Debug|Any CPU = Debug|Any CPU
		Release|Any CPU = Release|Any CPU
	EndGlobalSection
	GlobalSection(ProjectConfigurationPlatforms) = postSolution
		{4610E492-26BE-4775-9D48-FB19F545EC28}.Debug|Any CPU.ActiveCfg = Debug|Any CPU
		{4610E492-26BE-4775-9D48-FB19F545EC28}.Debug|Any CPU.Build.0 = Debug|Any CPU
		{4610E492-26BE-4775-9D48-FB19F545EC28}.Release|Any CPU.ActiveCfg = Release|Any CPU
		{4610E492-26BE-4775-9D48-FB19F545EC28}.Release|Any CPU.Build.0 = Release|Any CPU
		{4861B451-42B8-41AB-8365-B448B0E6D808}.Debug|Any CPU.ActiveCfg = Debug|Any CPU
		{4861B451-42B8-41AB-8365-B448B0E6D808}.Debug|Any CPU.Build.0 = Debug|Any CPU
		{4861B451-42B8-41AB-8365-B448B0E6D808}.Release|Any CPU.ActiveCfg = Release|Any CPU
		{4861B451-42B8-41AB-8365-B448B0E6D808}.Release|Any CPU.Build.0 = Release|Any CPU
	EndGlobalSection
	GlobalSection(SolutionProperties) = preSolution
		HideSolutionNode = FALSE
	EndGlobalSection
	GlobalSection(ExtensibilityGlobals) = postSolution
		SolutionGuid = {ADBD8C7C-EE8E-4492-BAFE-1D2BF748DC2F}
	EndGlobalSection
EndGlobal
